
Microsoft Visual Studio Solution File, Format Version 12.00
# Visual Studio 15
VisualStudioVersion = 15.0.27130.2020
MinimumVisualStudioVersion = 10.0.40219.1
Project("{FAE04EC0-301F-11D3-BF4B-00C04F79EFBC}") = "Presentation", "KatInfoSystem\Presentation.csproj", "{3297873D-E33D-40D6-A9E8-721C765ADB2F}"
EndProject
Project("{FAE04EC0-301F-11D3-BF4B-00C04F79EFBC}") = "UserManagement", "ConsoleApp1\UserManagement.csproj", "{15176DF5-CBA1-4E1B-809B-230D9C14CB22}"
EndProject
Project("{FAE04EC0-301F-11D3-BF4B-00C04F79EFBC}") = "Persistence", "Repository\Persistence.csproj", "{5C2769E5-4D95-4E97-BDC7-9BFA75C03000}"
EndProject
Project("{FAE04EC0-301F-11D3-BF4B-00C04F79EFBC}") = "Utils", "Utils\Utils.csproj", "{F1C184EC-0DFD-4E2A-9A10-0403C0A1EF12}"
EndProject
Project("{FAE04EC0-301F-11D3-BF4B-00C04F79EFBC}") = "Exceptions", "Exceptions\Exceptions.csproj", "{E9F89840-208E-429B-89DD-387E20EA5F0B}"
EndProject
Project("{2150E333-8FDC-42A3-9474-1A3956D46DE8}") = "Solution Items", "Solution Items", "{F50ACBDC-9FAC-4B66-8942-CD65C95B7F1F}"
EndProject
Project("{FAE04EC0-301F-11D3-BF4B-00C04F79EFBC}") = "BusinessLogic", "BusinessLogic\BusinessLogic.csproj", "{B37C088B-D555-4E16-AE25-B64E3622A233}"
EndProject
Global
	GlobalSection(SolutionConfigurationPlatforms) = preSolution
		Debug|Any CPU = Debug|Any CPU
		Release|Any CPU = Release|Any CPU
	EndGlobalSection
	GlobalSection(ProjectConfigurationPlatforms) = postSolution
		{3297873D-E33D-40D6-A9E8-721C765ADB2F}.Debug|Any CPU.ActiveCfg = Debug|Any CPU
		{3297873D-E33D-40D6-A9E8-721C765ADB2F}.Debug|Any CPU.Build.0 = Debug|Any CPU
		{3297873D-E33D-40D6-A9E8-721C765ADB2F}.Release|Any CPU.ActiveCfg = Release|Any CPU
		{3297873D-E33D-40D6-A9E8-721C765ADB2F}.Release|Any CPU.Build.0 = Release|Any CPU
		{15176DF5-CBA1-4E1B-809B-230D9C14CB22}.Debug|Any CPU.ActiveCfg = Debug|Any CPU
		{15176DF5-CBA1-4E1B-809B-230D9C14CB22}.Debug|Any CPU.Build.0 = Debug|Any CPU
		{15176DF5-CBA1-4E1B-809B-230D9C14CB22}.Release|Any CPU.ActiveCfg = Release|Any CPU
		{15176DF5-CBA1-4E1B-809B-230D9C14CB22}.Release|Any CPU.Build.0 = Release|Any CPU
		{5C2769E5-4D95-4E97-BDC7-9BFA75C03000}.Debug|Any CPU.ActiveCfg = Debug|Any CPU
		{5C2769E5-4D95-4E97-BDC7-9BFA75C03000}.Debug|Any CPU.Build.0 = Debug|Any CPU
		{5C2769E5-4D95-4E97-BDC7-9BFA75C03000}.Release|Any CPU.ActiveCfg = Release|Any CPU
		{5C2769E5-4D95-4E97-BDC7-9BFA75C03000}.Release|Any CPU.Build.0 = Release|Any CPU
		{F1C184EC-0DFD-4E2A-9A10-0403C0A1EF12}.Debug|Any CPU.ActiveCfg = Debug|Any CPU
		{F1C184EC-0DFD-4E2A-9A10-0403C0A1EF12}.Debug|Any CPU.Build.0 = Debug|Any CPU
		{F1C184EC-0DFD-4E2A-9A10-0403C0A1EF12}.Release|Any CPU.ActiveCfg = Release|Any CPU
		{F1C184EC-0DFD-4E2A-9A10-0403C0A1EF12}.Release|Any CPU.Build.0 = Release|Any CPU
		{E9F89840-208E-429B-89DD-387E20EA5F0B}.Debug|Any CPU.ActiveCfg = Debug|Any CPU
		{E9F89840-208E-429B-89DD-387E20EA5F0B}.Debug|Any CPU.Build.0 = Debug|Any CPU
		{E9F89840-208E-429B-89DD-387E20EA5F0B}.Release|Any CPU.ActiveCfg = Release|Any CPU
		{E9F89840-208E-429B-89DD-387E20EA5F0B}.Release|Any CPU.Build.0 = Release|Any CPU
		{B37C088B-D555-4E16-AE25-B64E3622A233}.Debug|Any CPU.ActiveCfg = Debug|Any CPU
		{B37C088B-D555-4E16-AE25-B64E3622A233}.Debug|Any CPU.Build.0 = Debug|Any CPU
		{B37C088B-D555-4E16-AE25-B64E3622A233}.Release|Any CPU.ActiveCfg = Release|Any CPU
		{B37C088B-D555-4E16-AE25-B64E3622A233}.Release|Any CPU.Build.0 = Release|Any CPU
	EndGlobalSection
	GlobalSection(SolutionProperties) = preSolution
		HideSolutionNode = FALSE
	EndGlobalSection
	GlobalSection(ExtensibilityGlobals) = postSolution
		SolutionGuid = {9D69526D-576A-4E6B-A95F-00AF3EB5778C}
	EndGlobalSection
EndGlobal
